
Microsoft Visual Studio Solution File, Format Version 12.00
# Visual Studio Version 17
VisualStudioVersion = 17.7.34031.279
MinimumVisualStudioVersion = 10.0.40219.1
Project("{FAE04EC0-301F-11D3-BF4B-00C04F79EFBC}") = "Week7Functions", "Week7Functions\Week7Functions.csproj", "{B86C7D98-C5AB-499F-AC37-58ADE0EE2429}"
EndProject
Project("{FAE04EC0-301F-11D3-BF4B-00C04F79EFBC}") = "ArgumentsAndParameters", "ArgumentsAndParameters\ArgumentsAndParameters.csproj", "{E0347947-09D7-40B3-A439-74EDB5BBC9B8}"
EndProject
Project("{FAE04EC0-301F-11D3-BF4B-00C04F79EFBC}") = "Calculator", "Calculator\Calculator.csproj", "{441755D0-CE27-4505-A16A-5F99E51C0EA9}"
EndProject
Project("{FAE04EC0-301F-11D3-BF4B-00C04F79EFBC}") = "DiscountCalculator", "DiscountCalculator\DiscountCalculator.csproj", "{6AC552F5-F81D-4F9F-AB7B-A366DC0BF1D5}"
EndProject
Global
	GlobalSection(SolutionConfigurationPlatforms) = preSolution
		Debug|Any CPU = Debug|Any CPU
		Release|Any CPU = Release|Any CPU
	EndGlobalSection
	GlobalSection(ProjectConfigurationPlatforms) = postSolution
		{B86C7D98-C5AB-499F-AC37-58ADE0EE2429}.Debug|Any CPU.ActiveCfg = Debug|Any CPU
		{B86C7D98-C5AB-499F-AC37-58ADE0EE2429}.Debug|Any CPU.Build.0 = Debug|Any CPU
		{B86C7D98-C5AB-499F-AC37-58ADE0EE2429}.Release|Any CPU.ActiveCfg = Release|Any CPU
		{B86C7D98-C5AB-499F-AC37-58ADE0EE2429}.Release|Any CPU.Build.0 = Release|Any CPU
		{E0347947-09D7-40B3-A439-74EDB5BBC9B8}.Debug|Any CPU.ActiveCfg = Debug|Any CPU
		{E0347947-09D7-40B3-A439-74EDB5BBC9B8}.Debug|Any CPU.Build.0 = Debug|Any CPU
		{E0347947-09D7-40B3-A439-74EDB5BBC9B8}.Release|Any CPU.ActiveCfg = Release|Any CPU
		{E0347947-09D7-40B3-A439-74EDB5BBC9B8}.Release|Any CPU.Build.0 = Release|Any CPU
		{441755D0-CE27-4505-A16A-5F99E51C0EA9}.Debug|Any CPU.ActiveCfg = Debug|Any CPU
		{441755D0-CE27-4505-A16A-5F99E51C0EA9}.Debug|Any CPU.Build.0 = Debug|Any CPU
		{441755D0-CE27-4505-A16A-5F99E51C0EA9}.Release|Any CPU.ActiveCfg = Release|Any CPU
		{441755D0-CE27-4505-A16A-5F99E51C0EA9}.Release|Any CPU.Build.0 = Release|Any CPU
		{6AC552F5-F81D-4F9F-AB7B-A366DC0BF1D5}.Debug|Any CPU.ActiveCfg = Debug|Any CPU
		{6AC552F5-F81D-4F9F-AB7B-A366DC0BF1D5}.Debug|Any CPU.Build.0 = Debug|Any CPU
		{6AC552F5-F81D-4F9F-AB7B-A366DC0BF1D5}.Release|Any CPU.ActiveCfg = Release|Any CPU
		{6AC552F5-F81D-4F9F-AB7B-A366DC0BF1D5}.Release|Any CPU.Build.0 = Release|Any CPU
	EndGlobalSection
	GlobalSection(SolutionProperties) = preSolution
		HideSolutionNode = FALSE
	EndGlobalSection
	GlobalSection(ExtensibilityGlobals) = postSolution
		SolutionGuid = {9AE34944-DC23-4695-9BC5-C5BC1DB9AF54}
	EndGlobalSection
EndGlobal
